# Reviewed CPython 3.9 / macOS arm64 wheels; download with --require-hashes --no-deps; expand using scripts/prepare-source-gate-python.py.
jsonschema==4.25.1 --hash=sha256:3fba0169e345c7175110351d456342c364814cfcf3b964ba4587f22915230a63
attrs==26.1.0 --hash=sha256:c647aa4a12dfbad9333ca4e71fe62ddc36f4e63b2d260a37a8b83d2f043ac309
referencing==0.36.2 --hash=sha256:e8699adbbf8b5c7de96d8ffa0eb5c158b3beafce084968e2ea8bb08c6794dcd0
jsonschema-specifications==2025.9.1 --hash=sha256:98802fee3a11ee76ecaca44429fda8a41bff98b00a0f2838151b113f210cc6fe
rpds-py==0.27.1 --hash=sha256:1fea2b1a922c47c51fd07d656324531adc787e415c8b116530a1d29c0516c62d
typing-extensions==4.14.1 --hash=sha256:d1e1e3b58374dc93031d6eda2420a48ea44a36c2b4766a4fdeb3710755731d76
